
Microsoft Visual Studio Solution File, Format Version 12.00
# Visual Studio Version 17
VisualStudioVersion = 17.14.36518.9
MinimumVisualStudioVersion = 10.0.40219.1
Project("{FAE04EC0-301F-11D3-BF4B-00C04F79EFBC}") = "CGVStore.UI", "CGVStore\CGVStore.UI.csproj", "{503417F5-0756-400E-ADD0-15CF9DFF1745}"
EndProject
Project("{FAE04EC0-301F-11D3-BF4B-00C04F79EFBC}") = "CGVStore.DAL", "CGVStore.DAL\CGVStore.DAL.csproj", "{0F0C9D0C-4989-4809-A3C0-E154645B5D89}"
EndProject
Project("{FAE04EC0-301F-11D3-BF4B-00C04F79EFBC}") = "CGVStore.BUS", "CGVStore.BUS\CGVStore.BUS.csproj", "{0EA0C7A1-BAA6-45F2-9719-2640AA4B9036}"
EndProject
Global
	GlobalSection(SolutionConfigurationPlatforms) = preSolution
		Debug|Any CPU = Debug|Any CPU
		Release|Any CPU = Release|Any CPU
	EndGlobalSection
	GlobalSection(ProjectConfigurationPlatforms) = postSolution
		{503417F5-0756-400E-ADD0-15CF9DFF1745}.Debug|Any CPU.ActiveCfg = Debug|Any CPU
		{503417F5-0756-400E-ADD0-15CF9DFF1745}.Debug|Any CPU.Build.0 = Debug|Any CPU
		{503417F5-0756-400E-ADD0-15CF9DFF1745}.Release|Any CPU.ActiveCfg = Release|Any CPU
		{503417F5-0756-400E-ADD0-15CF9DFF1745}.Release|Any CPU.Build.0 = Release|Any CPU
		{0F0C9D0C-4989-4809-A3C0-E154645B5D89}.Debug|Any CPU.ActiveCfg = Debug|Any CPU
		{0F0C9D0C-4989-4809-A3C0-E154645B5D89}.Debug|Any CPU.Build.0 = Debug|Any CPU
		{0F0C9D0C-4989-4809-A3C0-E154645B5D89}.Release|Any CPU.ActiveCfg = Release|Any CPU
		{0F0C9D0C-4989-4809-A3C0-E154645B5D89}.Release|Any CPU.Build.0 = Release|Any CPU
		{0EA0C7A1-BAA6-45F2-9719-2640AA4B9036}.Debug|Any CPU.ActiveCfg = Debug|Any CPU
		{0EA0C7A1-BAA6-45F2-9719-2640AA4B9036}.Debug|Any CPU.Build.0 = Debug|Any CPU
		{0EA0C7A1-BAA6-45F2-9719-2640AA4B9036}.Release|Any CPU.ActiveCfg = Release|Any CPU
		{0EA0C7A1-BAA6-45F2-9719-2640AA4B9036}.Release|Any CPU.Build.0 = Release|Any CPU
	EndGlobalSection
	GlobalSection(SolutionProperties) = preSolution
		HideSolutionNode = FALSE
	EndGlobalSection
	GlobalSection(ExtensibilityGlobals) = postSolution
		SolutionGuid = {52F58A2E-15B0-44EF-BD99-358D2AAE698D}
	EndGlobalSection
EndGlobal
